// !$*UTF8*$!
{
	archiveVersion = 1;
	classes = {
	};
	objectVersion = 46;
	objects = {

/* Begin PBXBuildFile section */
		9A9571961CBCF55300E8EFBE /* AppDelegate.swift in Sources */ = {isa = PBXBuildFile; fileRef = 9A9571951CBCF55300E8EFBE /* AppDelegate.swift */; };
		9A9571981CBCF55300E8EFBE /* ViewController.swift in Sources */ = {isa = PBXBuildFile; fileRef = 9A9571971CBCF55300E8EFBE /* ViewController.swift */; };
		9A95719B1CBCF55300E8EFBE /* Main.storyboard in Resources */ = {isa = PBXBuildFile; fileRef = 9A9571991CBCF55300E8EFBE /* Main.storyboard */; };
		9A95719D1CBCF55300E8EFBE /* Assets.xcassets in Resources */ = {isa = PBXBuildFile; fileRef = 9A95719C1CBCF55300E8EFBE /* Assets.xcassets */; };
		9A9571A01CBCF55300E8EFBE /* LaunchScreen.storyboard in Resources */ = {isa = PBXBuildFile; fileRef = 9A95719E1CBCF55300E8EFBE /* LaunchScreen.storyboard */; };
/* End PBXBuildFile section */

/* Begin PBXFileReference section */
		9A9571921CBCF55300E8EFBE /* TwelveAnimals.app */ = {isa = PBXFileReference; explicitFileType = wrapper.application; includeInIndex = 0; path = TwelveAnimals.app; sourceTree = BUILT_PRODUCTS_DIR; };
		9A9571951CBCF55300E8EFBE /* AppDelegate.swift */ = {isa = PBXFileReference; lastKnownFileType = sourcecode.swift; path = AppDelegate.swift; sourceTree = "<group>"; };
		9A9571971CBCF55300E8EFBE /* ViewController.swift */ = {isa = PBXFileReference; lastKnownFileType = sourcecode.swift; path = ViewController.swift; sourceTree = "<group>"; };
		9A95719A1CBCF55300E8EFBE /* Base */ = {isa = PBXFileReference; lastKnownFileType = file.storyboard; name = Base; path = Base.lproj/Main.storyboard; sourceTree = "<group>"; };
		9A95719C1CBCF55300E8EFBE /* Assets.xcassets */ = {isa = PBXFileReference; lastKnownFileType = folder.assetcatalog; path = Assets.xcassets; sourceTree = "<group>"; };
		9A95719F1CBCF55300E8EFBE /* Base */ = {isa = PBXFileReference; lastKnownFileType = file.storyboard; name = Base; path = Base.lproj/LaunchScreen.storyboard; sourceTree = "<group>"; };
		9A9571A11CBCF55300E8EFBE /* Info.plist */ = {isa = PBXFileReference; lastKnownFileType = text.plist.xml; path = Info.plist; sourceTree = "<group>"; };
/* End PBXFileReference section */

/* Begin PBXFrameworksBuildPhase section */
		9A95718F1CBCF55300E8EFBE /* Frameworks */ = {
			isa = PBXFrameworksBuildPhase;
			buildActionMask = 2147483647;
			files = (
			);
			runOnlyForDeploymentPostprocessing = 0;
		};
/* End PBXFrameworksBuildPhase section */

/* Begin PBXGroup section */
		9A9571891CBCF55300E8EFBE = {
			isa = PBXGroup;
			children = (
				9A9571941CBCF55300E8EFBE /* TwelveAnimals */,
				9A9571931CBCF55300E8EFBE /* Products */,
			);
			sourceTree = "<group>";
		};
		9A9571931CBCF55300E8EFBE /* Products */ = {
			isa = PBXGroup;
			children = (
				9A9571921CBCF55300E8EFBE /* TwelveAnimals.app */,
			);
			name = Products;
			sourceTree = "<group>";
		};
		9A9571941CBCF55300E8EFBE /* TwelveAnimals */ = {
			isa = PBXGroup;
			children = (
				9A9571951CBCF55300E8EFBE /* AppDelegate.swift */,
				9A9571971CBCF55300E8EFBE /* ViewController.swift */,
				9A9571991CBCF55300E8EFBE /* Main.storyboard */,
				9A95719C1CBCF55300E8EFBE /* Assets.xcassets */,
				9A95719E1CBCF55300E8EFBE /* LaunchScreen.storyboard */,
				9A9571A11CBCF55300E8EFBE /* Info.plist */,
			);
			path = TwelveAnimals;
			sourceTree = "<group>";
		};
/* End PBXGroup section */

/* Begin PBXNativeTarget section */
		9A9571911CBCF55300E8EFBE /* TwelveAnimals */ = {
			isa = PBXNativeTarget;
			buildConfigurationList = 9A9571A41CBCF55300E8EFBE /* Build configuration list for PBXNativeTarget "TwelveAnimals" */;
			buildPhases = (
				9A95718E1CBCF55300E8EFBE /* Sources */,
				9A95718F1CBCF55300E8EFBE /* Frameworks */,
				9A9571901CBCF55300E8EFBE /* Resources */,
			);
			buildRules = (
			);
			dependencies = (
			);
			name = TwelveAnimals;
			productName = TwelveAnimals;
			productReference = 9A9571921CBCF55300E8EFBE /* TwelveAnimals.app */;
			productType = "com.apple.product-type.application";
		};
/* End PBXNativeTarget section */

/* Begin PBXProject section */
		9A95718A1CBCF55300E8EFBE /* Project object */ = {
			isa = PBXProject;
			attributes = {
				LastUpgradeCheck = 0700;
				ORGANIZATIONNAME = guoweidong;
				TargetAttributes = {
					9A9571911CBCF55300E8EFBE = {
						CreatedOnToolsVersion = 7.0.1;
					};
				};
			};
			buildConfigurationList = 9A95718D1CBCF55300E8EFBE /* Build configuration list for PBXProject "TwelveAnimals" */;
			compatibilityVersion = "Xcode 3.2";
			developmentRegion = English;
			hasScannedForEncodings = 0;
			knownRegions = (
				en,
				Base,
			);
			mainGroup = 9A9571891CBCF55300E8EFBE;
			productRefGroup = 9A9571931CBCF55300E8EFBE /* Products */;
			projectDirPath = "";
			projectRoot = "";
			targets = (
				9A9571911CBCF55300E8EFBE /* TwelveAnimals */,
			);
		};
/* End PBXProject section */

/* Begin PBXResourcesBuildPhase section */
		9A9571901CBCF55300E8EFBE /* Resources */ = {
			isa = PBXResourcesBuildPhase;
			buildActionMask = 2147483647;
			files = (
				9A9571A01CBCF55300E8EFBE /* LaunchScreen.storyboard in Resources */,
				9A95719D1CBCF55300E8EFBE /* Assets.xcassets in Resources */,
				9A95719B1CBCF55300E8EFBE /* Main.storyboard in Resources */,
			);
			runOnlyForDeploymentPostprocessing = 0;
		};
/* End PBXResourcesBuildPhase section */

/* Begin PBXSourcesBuildPhase section */
		9A95718E1CBCF55300E8EFBE /* Sources */ = {
			isa = PBXSourcesBuildPhase;
			buildActionMask = 2147483647;
			files = (
				9A9571981CBCF55300E8EFBE /* ViewController.swift in Sources */,
				9A9571961CBCF55300E8EFBE /* AppDelegate.swift in Sources */,
			);
			runOnlyForDeploymentPostprocessing = 0;
		};
/* End PBXSourcesBuildPhase section */

/* Begin PBXVariantGroup section */
		9A9571991CBCF55300E8EFBE /* Main.storyboard */ = {
			isa = PBXVariantGroup;
			children = (
				9A95719A1CBCF55300E8EFBE /* Base */,
			);
			name = Main.storyboard;
			sourceTree = "<group>";
		};
		9A95719E1CBCF55300E8EFBE /* LaunchScreen.storyboard */ = {
			isa = PBXVariantGroup;
			children = (
				9A95719F1CBCF55300E8EFBE /* Base */,
			);
			name = LaunchScreen.storyboard;
			sourceTree = "<group>";
		};
/* End PBXVariantGroup section */

/* Begin XCBuildConfiguration section */
		9A9571A21CBCF55300E8EFBE /* Debug */ = {
			isa = XCBuildConfiguration;
			buildSettings = {
				ALWAYS_SEARCH_USER_PATHS = NO;
				CLANG_CXX_LANGUAGE_STANDARD = "gnu++0x";
				CLANG_CXX_LIBRARY = "libc++";
				CLANG_ENABLE_MODULES = YES;
				CLANG_ENABLE_OBJC_ARC = YES;
				CLANG_WARN_BOOL_CONVERSION = YES;
				CLANG_WARN_CONSTANT_CONVERSION = YES;
				CLANG_WARN_DIRECT_OBJC_ISA_USAGE = YES_ERROR;
				CLANG_WARN_EMPTY_BODY = YES;
				CLANG_WARN_ENUM_CONVERSION = YES;
				CLANG_WARN_INT_CONVERSION = YES;
				CLANG_WARN_OBJC_ROOT_CLASS = YES_ERROR;
				CLANG_WARN_UNREACHABLE_CODE = YES;
				CLANG_WARN__DUPLICATE_METHOD_MATCH = YES;
				"CODE_SIGN_IDENTITY[sdk=iphoneos*]" = "iPhone Developer";
				COPY_PHASE_STRIP = NO;
				DEBUG_INFORMATION_FORMAT = dwarf;
				ENABLE_STRICT_OBJC_MSGSEND = YES;
				ENABLE_TESTABILITY = YES;
				GCC_C_LANGUAGE_STANDARD = gnu99;
				GCC_DYNAMIC_NO_PIC = NO;
				GCC_NO_COMMON_BLOCKS = YES;
				GCC_OPTIMIZATION_LEVEL = 0;
				GCC_PREPROCESSOR_DEFINITIONS = (
					"DEBUG=1",
					"$(inherited)",
				);
				GCC_WARN_64_TO_32_BIT_CONVERSION = YES;
				GCC_WARN_ABOUT_RETURN_TYPE = YES_ERROR;
				GCC_WARN_UNDECLARED_SELECTOR = YES;
				GCC_WARN_UNINITIALIZED_AUTOS = YES_AGGRESSIVE;
				GCC_WARN_UNUSED_FUNCTION = YES;
				GCC_WARN_UNUSED_VARIABLE = YES;
				IPHONEOS_DEPLOYMENT_TARGET = 9.0;
				MTL_ENABLE_DEBUG_INFO = YES;
				ONLY_ACTIVE_ARCH = YES;
				SDKROOT = iphoneos;
				SWIFT_OPTIMIZATION_LEVEL = "-Onone";
			};
			name = Debug;
		};
		9A9571A31CBCF55300E8EFBE /* Release */ = {
			isa = XCBuildConfiguration;
			buildSettings = {
				ALWAYS_SEARCH_USER_PATHS = NO;
				CLANG_CXX_LANGUAGE_STANDARD = "gnu++0x";
				CLANG_CXX_LIBRARY = "libc++";
				CLANG_ENABLE_MODULES = YES;
				CLANG_ENABLE_OBJC_ARC = YES;
				CLANG_WARN_BOOL_CONVERSION = YES;
				CLANG_WARN_CONSTANT_CONVERSION = YES;
				CLANG_WARN_DIRECT_OBJC_ISA_USAGE = YES_ERROR;
				CLANG_WARN_EMPTY_BODY = YES;
				CLANG_WARN_ENUM_CONVERSION = YES;
				CLANG_WARN_INT_CONVERSION = YES;
				CLANG_WARN_OBJC_ROOT_CLASS = YES_ERROR;
				CLANG_WARN_UNREACHABLE_CODE = YES;
				CLANG_WARN__DUPLICATE_METHOD_MATCH = YES;
				"CODE_SIGN_IDENTITY[sdk=iphoneos*]" = "iPhone Developer";
				COPY_PHASE_STRIP = NO;
				DEBUG_INFORMATION_FORMAT = "dwarf-with-dsym";
				ENABLE_NS_ASSERTIONS = NO;
				ENABLE_STRICT_OBJC_MSGSEND = YES;
				GCC_C_LANGUAGE_STANDARD = gnu99;
				GCC_NO_COMMON_BLOCKS = YES;
				GCC_WARN_64_TO_32_BIT_CONVERSION = YES;
				GCC_WARN_ABOUT_RETURN_TYPE = YES_ERROR;
				GCC_WARN_UNDECLARED_SELECTOR = YES;
				GCC_WARN_UNINITIALIZED_AUTOS = YES_AGGRESSIVE;
				GCC_WARN_UNUSED_FUNCTION = YES;
				GCC_WARN_UNUSED_VARIABLE = YES;
				IPHONEOS_DEPLOYMENT_TARGET = 9.0;
				MTL_ENABLE_DEBUG_INFO = NO;
				SDKROOT = iphoneos;
				VALIDATE_PRODUCT = YES;
			};
			name = Release;
		};
		9A9571A51CBCF55300E8EFBE /* Debug */ = {
			isa = XCBuildConfiguration;
			buildSettings = {
				ASSETCATALOG_COMPILER_APPICON_NAME = AppIcon;
				INFOPLIST_FILE = TwelveAnimals/Info.plist;
				LD_RUNPATH_SEARCH_PATHS = "$(inherited) @executable_path/Frameworks";
				PRODUCT_BUNDLE_IDENTIFIER = windo.TwelveAnimals;
				PRODUCT_NAME = "$(TARGET_NAME)";
			};
			name = Debug;
		};
		9A9571A61CBCF55300E8EFBE /* Release */ = {
			isa = XCBuildConfiguration;
			buildSettings = {
				ASSETCATALOG_COMPILER_APPICON_NAME = AppIcon;
				INFOPLIST_FILE = TwelveAnimals/Info.plist;
				LD_RUNPATH_SEARCH_PATHS = "$(inherited) @executable_path/Frameworks";
				PRODUCT_BUNDLE_IDENTIFIER = windo.TwelveAnimals;
				PRODUCT_NAME = "$(TARGET_NAME)";
			};
			name = Release;
		};
/* End XCBuildConfiguration section */

/* Begin XCConfigurationList section */
		9A95718D1CBCF55300E8EFBE /* Build configuration list for PBXProject "TwelveAnimals" */ = {
			isa = XCConfigurationList;
			buildConfigurations = (
				9A9571A21CBCF55300E8EFBE /* Debug */,
				9A9571A31CBCF55300E8EFBE /* Release */,
			);
			defaultConfigurationIsVisible = 0;
			defaultConfigurationName = Release;
		};
		9A9571A41CBCF55300E8EFBE /* Build configuration list for PBXNativeTarget "TwelveAnimals" */ = {
			isa = XCConfigurationList;
			buildConfigurations = (
				9A9571A51CBCF55300E8EFBE /* Debug */,
				9A9571A61CBCF55300E8EFBE /* Release */,
			);
			defaultConfigurationIsVisible = 0;
		};
/* End XCConfigurationList section */
	};
	rootObject = 9A95718A1CBCF55300E8EFBE /* Project object */;
}
